lockfileVersion: '9.0'

settings:
  autoInstallPeers: true
  excludeLinksFromLockfile: false

importers:

  .:
    dependencies:
      '@mantine/core':
        specifier: ^8.3.14
        version: 8.3.14(@mantine/hooks@8.3.14(react@19.2.4))(@types/react@19.2.13)(react-dom@19.2.4(react@19.2.4))(react@19.2.4)
      '@mantine/hooks':
        specifier: ^8.3.14
        version: 8.3.14(react@19.2.4)
      lucide-react:
        specifier: ^0.563.0
        version: 0.563.0(react@19.2.4)
      next:
        specifier: ^16.1.6
        version: 16.1.6(react-dom@19.2.4(react@19.2.4))(react@19.2.4)
      pdfjs-dist:
        specifier: ^5.4.624
        version: 5.4.624
      postcss:
        specifier: ^8.5.6
        version: 8.5.6
      postcss-preset-mantine:
        specifier: ^1.18.0
        version: 1.18.0(postcss@8.5.6)
      postcss-simple-vars:
        specifier: ^7.0.1
        version: 7.0.1(postcss@8.5.6)
      react:
        specifier: ^19.2.4
        version: 19.2.4
      react-dom:
        specifier: ^19.2.4
        version: 19.2.4(react@19.2.4)
    devDependencies:
      '@types/node':
        specifier: ^22.14.0
        version: 22.19.9
      '@types/react':
        specifier: 19.2.13
        version: 19.2.13
      typescript:
        specifier: ~5.8.2
        version: 5.8.3

packages:

  '@babel/runtime@7.28.6':
    resolution: {integrity: sha512-05WQkdpL9COIMz4LjTxGpPNCdlpyimKppYNoJ5Di5EUObifl8t4tuLuUBBZEpoLYOmfvIWrsp9fCl0HoPRVTdA==}
    engines: {node: '>=6.9.0'}

  '@emnapi/runtime@1.8.1':
    resolution: {integrity: sha512-mehfKSMWjjNol8659Z8KxEMrdSJDDot5SXMq00dM8BN4o+CLNXQ0xH2V7EchNHV4RmbZLmmPdEaXZc5H2FXmDg==}

  '@floating-ui/core@1.7.4':
    resolution: {integrity: sha512-C3HlIdsBxszvm5McXlB8PeOEWfBhcGBTZGkGlWc2U0KFY5IwG5OQEuQ8rq52DZmcHDlPLd+YFBK+cZcytwIFWg==}

  '@floating-ui/dom@1.7.5':
    resolution: {integrity: sha512-N0bD2kIPInNHUHehXhMke1rBGs1dwqvC9O9KYMyyjK7iXt7GAhnro7UlcuYcGdS/yYOlq0MAVgrow8IbWJwyqg==}

  '@floating-ui/react-dom@2.1.7':
    resolution: {integrity: sha512-0tLRojf/1Go2JgEVm+3Frg9A3IW8bJgKgdO0BN5RkF//ufuz2joZM63Npau2ff3J6lUVYgDSNzNkR+aH3IVfjg==}
    peerDependencies:
      react: '>=16.8.0'
      react-dom: '>=16.8.0'

  '@floating-ui/react@0.27.17':
    resolution: {integrity: sha512-LGVZKHwmWGg6MRHjLLgsfyaX2y2aCNgnD1zT/E6B+/h+vxg+nIJUqHPAlTzsHDyqdgEpJ1Np5kxWuFEErXzoGg==}
    peerDependencies:
      react: '>=17.0.0'
      react-dom: '>=17.0.0'

  '@floating-ui/utils@0.2.10':
    resolution: {integrity: sha512-aGTxbpbg8/b5JfU1HXSrbH3wXZuLPJcNEcZQFMxLs3oSzgtVu6nFPkbbGGUvBcUjKV2YyB9Wxxabo+HEH9tcRQ==}

  '@img/colour@1.0.0':
    resolution: {integrity: sha512-A5P/LfWGFSl6nsckYtjw9da+19jB8hkJ6ACTGcDfEJ0aE+l2n2El7dsVM7UVHZQ9s2lmYMWlrS21YLy2IR1LUw==}
    engines: {node: '>=18'}

  '@img/sharp-darwin-arm64@0.34.5':
    resolution: {integrity: sha512-imtQ3WMJXbMY4fxb/Ndp6HBTNVtWCUI0WdobyheGf5+ad6xX8VIDO8u2xE4qc/fr08CKG/7dDseFtn6M6g/r3w==}
    engines: {node: ^18.17.0 || ^20.3.0 || >=21.0.0}
    cpu: [arm64]
    os: [darwin]

  '@img/sharp-darwin-x64@0.34.5':
    resolution: {integrity: sha512-YNEFAF/4KQ/PeW0N+r+aVVsoIY0/qxxikF2SWdp+NRkmMB7y9LBZAVqQ4yhGCm/H3H270OSykqmQMKLBhBJDEw==}
    engines: {node: ^18.17.0 || ^20.3.0 || >=21.0.0}
    cpu: [x64]
    os: [darwin]

  '@img/sharp-libvips-darwin-arm64@1.2.4':
    resolution: {integrity: sha512-zqjjo7RatFfFoP0MkQ51jfuFZBnVE2pRiaydKJ1G/rHZvnsrHAOcQALIi9sA5co5xenQdTugCvtb1cuf78Vf4g==}
    cpu: [arm64]
    os: [darwin]

  '@img/sharp-libvips-darwin-x64@1.2.4':
    resolution: {integrity: sha512-1IOd5xfVhlGwX+zXv2N93k0yMONvUlANylbJw1eTah8K/Jtpi15KC+WSiaX/nBmbm2HxRM1gZ0nSdjSsrZbGKg==}
    cpu: [x64]
    os: [darwin]

  '@img/sharp-libvips-linux-arm64@1.2.4':
    resolution: {integrity: sha512-excjX8DfsIcJ10x1Kzr4RcWe1edC9PquDRRPx3YVCvQv+U5p7Yin2s32ftzikXojb1PIFc/9Mt28/y+iRklkrw==}
    cpu: [arm64]
    os: [linux]

  '@img/sharp-libvips-linux-arm@1.2.4':
    resolution: {integrity: sha512-bFI7xcKFELdiNCVov8e44Ia4u2byA+l3XtsAj+Q8tfCwO6BQ8iDojYdvoPMqsKDkuoOo+X6HZA0s0q11ANMQ8A==}
    cpu: [arm]
    os: [linux]

  '@img/sharp-libvips-linux-ppc64@1.2.4':
    resolution: {integrity: sha512-FMuvGijLDYG6lW+b/UvyilUWu5Ayu+3r2d1S8notiGCIyYU/76eig1UfMmkZ7vwgOrzKzlQbFSuQfgm7GYUPpA==}
    cpu: [ppc64]
    os: [linux]

  '@img/sharp-libvips-linux-riscv64@1.2.4':
    resolution: {integrity: sha512-oVDbcR4zUC0ce82teubSm+x6ETixtKZBh/qbREIOcI3cULzDyb18Sr/Wcyx7NRQeQzOiHTNbZFF1UwPS2scyGA==}
    cpu: [riscv64]
    os: [linux]

  '@img/sharp-libvips-linux-s390x@1.2.4':
    resolution: {integrity: sha512-qmp9VrzgPgMoGZyPvrQHqk02uyjA0/QrTO26Tqk6l4ZV0MPWIW6LTkqOIov+J1yEu7MbFQaDpwdwJKhbJvuRxQ==}
    cpu: [s390x]
    os: [linux]

  '@img/sharp-libvips-linux-x64@1.2.4':
    resolution: {integrity: sha512-tJxiiLsmHc9Ax1bz3oaOYBURTXGIRDODBqhveVHonrHJ9/+k89qbLl0bcJns+e4t4rvaNBxaEZsFtSfAdquPrw==}
    cpu: [x64]
    os: [linux]

  '@img/sharp-libvips-linuxmusl-arm64@1.2.4':
    resolution: {integrity: sha512-FVQHuwx1IIuNow9QAbYUzJ+En8KcVm9Lk5+uGUQJHaZmMECZmOlix9HnH7n1TRkXMS0pGxIJokIVB9SuqZGGXw==}
    cpu: [arm64]
    os: [linux]

  '@img/sharp-libvips-linuxmusl-x64@1.2.4':
    resolution: {integrity: sha512-+LpyBk7L44ZIXwz/VYfglaX/okxezESc6UxDSoyo2Ks6Jxc4Y7sGjpgU9s4PMgqgjj1gZCylTieNamqA1MF7Dg==}
    cpu: [x64]
    os: [linux]

  '@img/sharp-linux-arm64@0.34.5':
    resolution: {integrity: sha512-bKQzaJRY/bkPOXyKx5EVup7qkaojECG6NLYswgktOZjaXecSAeCWiZwwiFf3/Y+O1HrauiE3FVsGxFg8c24rZg==}
    engines: {node: ^18.17.0 || ^20.3.0 || >=21.0.0}
    cpu: [arm64]
    os: [linux]

  '@img/sharp-linux-arm@0.34.5':
    resolution: {integrity: sha512-9dLqsvwtg1uuXBGZKsxem9595+ujv0sJ6Vi8wcTANSFpwV/GONat5eCkzQo/1O6zRIkh0m/8+5BjrRr7jDUSZw==}
    engines: {node: ^18.17.0 || ^20.3.0 || >=21.0.0}
    cpu: [arm]
    os: [linux]

  '@img/sharp-linux-ppc64@0.34.5':
    resolution: {integrity: sha512-7zznwNaqW6YtsfrGGDA6BRkISKAAE1Jo0QdpNYXNMHu2+0dTrPflTLNkpc8l7MUP5M16ZJcUvysVWWrMefZquA==}
    engines: {node: ^18.17.0 || ^20.3.0 || >=21.0.0}
    cpu: [ppc64]
    os: [linux]

  '@img/sharp-linux-riscv64@0.34.5':
    resolution: {integrity: sha512-51gJuLPTKa7piYPaVs8GmByo7/U7/7TZOq+cnXJIHZKavIRHAP77e3N2HEl3dgiqdD/w0yUfiJnII77PuDDFdw==}
    engines: {node: ^18.17.0 || ^20.3.0 || >=21.0.0}
    cpu: [riscv64]
    os: [linux]

  '@img/sharp-linux-s390x@0.34.5':
    resolution: {integrity: sha512-nQtCk0PdKfho3eC5MrbQoigJ2gd1CgddUMkabUj+rBevs8tZ2cULOx46E7oyX+04WGfABgIwmMC0VqieTiR4jg==}
    engines: {node: ^18.17.0 || ^20.3.0 || >=21.0.0}
    cpu: [s390x]
    os: [linux]

  '@img/sharp-linux-x64@0.34.5':
    resolution: {integrity: sha512-MEzd8HPKxVxVenwAa+JRPwEC7QFjoPWuS5NZnBt6B3pu7EG2Ge0id1oLHZpPJdn3OQK+BQDiw9zStiHBTJQQQQ==}
    engines: {node: ^18.17.0 || ^20.3.0 || >=21.0.0}
    cpu: [x64]
    os: [linux]

  '@img/sharp-linuxmusl-arm64@0.34.5':
    resolution: {integrity: sha512-fprJR6GtRsMt6Kyfq44IsChVZeGN97gTD331weR1ex1c1rypDEABN6Tm2xa1wE6lYb5DdEnk03NZPqA7Id21yg==}
    engines: {node: ^18.17.0 || ^20.3.0 || >=21.0.0}
    cpu: [arm64]
    os: [linux]

  '@img/sharp-linuxmusl-x64@0.34.5':
    resolution: {integrity: sha512-Jg8wNT1MUzIvhBFxViqrEhWDGzqymo3sV7z7ZsaWbZNDLXRJZoRGrjulp60YYtV4wfY8VIKcWidjojlLcWrd8Q==}
    engines: {node: ^18.17.0 || ^20.3.0 || >=21.0.0}
    cpu: [x64]
    os: [linux]

  '@img/sharp-wasm32@0.34.5':
    resolution: {integrity: sha512-OdWTEiVkY2PHwqkbBI8frFxQQFekHaSSkUIJkwzclWZe64O1X4UlUjqqqLaPbUpMOQk6FBu/HtlGXNblIs0huw==}
    engines: {node: ^18.17.0 || ^20.3.0 || >=21.0.0}
    cpu: [wasm32]

  '@img/sharp-win32-arm64@0.34.5':
    resolution: {integrity: sha512-WQ3AgWCWYSb2yt+IG8mnC6Jdk9Whs7O0gxphblsLvdhSpSTtmu69ZG1Gkb6NuvxsNACwiPV6cNSZNzt0KPsw7g==}
    engines: {node: ^18.17.0 || ^20.3.0 || >=21.0.0}
    cpu: [arm64]
    os: [win32]

  '@img/sharp-win32-ia32@0.34.5':
    resolution: {integrity: sha512-FV9m/7NmeCmSHDD5j4+4pNI8Cp3aW+JvLoXcTUo0IqyjSfAZJ8dIUmijx1qaJsIiU+Hosw6xM5KijAWRJCSgNg==}
    engines: {node: ^18.17.0 || ^20.3.0 || >=21.0.0}
    cpu: [ia32]
    os: [win32]

  '@img/sharp-win32-x64@0.34.5':
    resolution: {integrity: sha512-+29YMsqY2/9eFEiW93eqWnuLcWcufowXewwSNIT6UwZdUUCrM3oFjMWH/Z6/TMmb4hlFenmfAVbpWeup2jryCw==}
    engines: {node: ^18.17.0 || ^20.3.0 || >=21.0.0}
    cpu: [x64]
    os: [win32]

  '@mantine/core@8.3.14':
    resolution: {integrity: sha512-ZOxggx65Av1Ii1NrckCuqzluRpmmG+8DyEw24wDom3rmwsPg9UV+0le2QTyI5Eo60LzPfUju1KuEPiUzNABIPg==}
    peerDependencies:
      '@mantine/hooks': 8.3.14
      react: ^18.x || ^19.x
      react-dom: ^18.x || ^19.x

  '@mantine/hooks@8.3.14':
    resolution: {integrity: sha512-0SbHnGEuHcF2QyjzBBcqidpjNmIb6n7TC3obnhkBToYhUTbMcJSK/8ei/yHtAelridJH4CPeohRlQdc0HajHyQ==}
    peerDependencies:
      react: ^18.x || ^19.x

  '@napi-rs/canvas-android-arm64@0.1.90':
    resolution: {integrity: sha512-3JBULVF+BIgr7yy7Rf8UjfbkfFx4CtXrkJFD1MDgKJ83b56o0U9ciT8ZGTCNmwWkzu8RbNKlyqPP3KYRG88y7Q==}
    engines: {node: '>= 10'}
    cpu: [arm64]
    os: [android]

  '@napi-rs/canvas-darwin-arm64@0.1.90':
    resolution: {integrity: sha512-L8XVTXl+8vd8u7nPqcX77NyG5RuFdVsJapQrKV9WE3jBayq1aSMht/IH7Dwiz/RNJ86E5ZSg9pyUPFIlx52PZA==}
    engines: {node: '>= 10'}
    cpu: [arm64]
    os: [darwin]

  '@napi-rs/canvas-darwin-x64@0.1.90':
    resolution: {integrity: sha512-h0ukhlnGhacbn798VWYTQZpf6JPDzQYaow+vtQ2Fat7j7ImDdpg6tfeqvOTO1r8wS+s+VhBIFITC7aA1Aik0ZQ==}
    engines: {node: '>= 10'}
    cpu: [x64]
    os: [darwin]

  '@napi-rs/canvas-linux-arm-gnueabihf@0.1.90':
    resolution: {integrity: sha512-JCvTl99b/RfdBtgftqrf+5UNF7GIbp7c5YBFZ+Bd6++4Y3phaXG/4vD9ZcF1bw1P4VpALagHmxvodHuQ9/TfTg==}
    engines: {node: '>= 10'}
    cpu: [arm]
    os: [linux]

  '@napi-rs/canvas-linux-arm64-gnu@0.1.90':
    resolution: {integrity: sha512-vbWFp8lrP8NIM5L4zNOwnsqKIkJo0+GIRUDcLFV9XEJCptCc1FY6/tM02PT7GN4PBgochUPB1nBHdji6q3ieyQ==}
    engines: {node: '>= 10'}
    cpu: [arm64]
    os: [linux]

  '@napi-rs/canvas-linux-arm64-musl@0.1.90':
    resolution: {integrity: sha512-8Bc0BgGEeOaux4EfIfNzcRRw0JE+lO9v6RWQFCJNM9dJFE4QJffTf88hnmbOaI6TEMpgWOKipbha3dpIdUqb/g==}
    engines: {node: '>= 10'}
    cpu: [arm64]
    os: [linux]

  '@napi-rs/canvas-linux-riscv64-gnu@0.1.90':
    resolution: {integrity: sha512-0iiVDG5IH+gJb/YUrY/pRdbsjcgvwUmeckL/0gShWAA7004ygX2ST69M1wcfyxXrzFYjdF8S/Sn6aCAeBi89XQ==}
    engines: {node: '>= 10'}
    cpu: [riscv64]
    os: [linux]

  '@napi-rs/canvas-linux-x64-gnu@0.1.90':
    resolution: {integrity: sha512-SkKmlHMvA5spXuKfh7p6TsScDf7lp5XlMbiUhjdCtWdOS6Qke/A4qGVOciy6piIUCJibL+YX+IgdGqzm2Mpx/w==}
    engines: {node: '>= 10'}
    cpu: [x64]
    os: [linux]

  '@napi-rs/canvas-linux-x64-musl@0.1.90':
    resolution: {integrity: sha512-o6QgS10gAS4vvELGDOOWYfmERXtkVRYFWBCjomILWfMgCvBVutn8M97fsMW5CrEuJI8YuxuJ7U+/DQ9oG93vDA==}
    engines: {node: '>= 10'}
    cpu: [x64]
    os: [linux]

  '@napi-rs/canvas-win32-arm64-msvc@0.1.90':
    resolution: {integrity: sha512-2UHO/DC1oyuSjeCAhHA0bTD9qsg58kknRqjJqRfvIEFtdqdtNTcWXMCT9rQCuJ8Yx5ldhyh2SSp7+UDqD2tXZQ==}
    engines: {node: '>= 10'}
    cpu: [arm64]
    os: [win32]

  '@napi-rs/canvas-win32-x64-msvc@0.1.90':
    resolution: {integrity: sha512-48CxEbzua5BP4+OumSZdi3+9fNiRO8cGNBlO2bKwx1PoyD1R2AXzPtqd/no1f1uSl0W2+ihOO1v3pqT3USbmgQ==}
    engines: {node: '>= 10'}
    cpu: [x64]
    os: [win32]

  '@napi-rs/canvas@0.1.90':
    resolution: {integrity: sha512-vO9j7TfwF9qYCoTOPO39yPLreTRslBVOaeIwhDZkizDvBb0MounnTl0yeWUMBxP4Pnkg9Sv+3eQwpxNUmTwt0w==}
    engines: {node: '>= 10'}

  '@next/env@16.1.6':
    resolution: {integrity: sha512-N1ySLuZjnAtN3kFnwhAwPvZah8RJxKasD7x1f8shFqhncnWZn4JMfg37diLNuoHsLAlrDfM3g4mawVdtAG8XLQ==}

  '@next/swc-darwin-arm64@16.1.6':
    resolution: {integrity: sha512-wTzYulosJr/6nFnqGW7FrG3jfUUlEf8UjGA0/pyypJl42ExdVgC6xJgcXQ+V8QFn6niSG2Pb8+MIG1mZr2vczw==}
    engines: {node: '>= 10'}
    cpu: [arm64]
    os: [darwin]

  '@next/swc-darwin-x64@16.1.6':
    resolution: {integrity: sha512-BLFPYPDO+MNJsiDWbeVzqvYd4NyuRrEYVB5k2N3JfWncuHAy2IVwMAOlVQDFjj+krkWzhY2apvmekMkfQR0CUQ==}
    engines: {node: '>= 10'}
    cpu: [x64]
    os: [darwin]

  '@next/swc-linux-arm64-gnu@16.1.6':
    resolution: {integrity: sha512-OJYkCd5pj/QloBvoEcJ2XiMnlJkRv9idWA/j0ugSuA34gMT6f5b7vOiCQHVRpvStoZUknhl6/UxOXL4OwtdaBw==}
    engines: {node: '>= 10'}
    cpu: [arm64]
    os: [linux]

  '@next/swc-linux-arm64-musl@16.1.6':
    resolution: {integrity: sha512-S4J2v+8tT3NIO9u2q+S0G5KdvNDjXfAv06OhfOzNDaBn5rw84DGXWndOEB7d5/x852A20sW1M56vhC/tRVbccQ==}
    engines: {node: '>= 10'}
    cpu: [arm64]
    os: [linux]

  '@next/swc-linux-x64-gnu@16.1.6':
    resolution: {integrity: sha512-2eEBDkFlMMNQnkTyPBhQOAyn2qMxyG2eE7GPH2WIDGEpEILcBPI/jdSv4t6xupSP+ot/jkfrCShLAa7+ZUPcJQ==}
    engines: {node: '>= 10'}
    cpu: [x64]
    os: [linux]

  '@next/swc-linux-x64-musl@16.1.6':
    resolution: {integrity: sha512-oicJwRlyOoZXVlxmIMaTq7f8pN9QNbdes0q2FXfRsPhfCi8n8JmOZJm5oo1pwDaFbnnD421rVU409M3evFbIqg==}
    engines: {node: '>= 10'}
    cpu: [x64]
    os: [linux]

  '@next/swc-win32-arm64-msvc@16.1.6':
    resolution: {integrity: sha512-gQmm8izDTPgs+DCWH22kcDmuUp7NyiJgEl18bcr8irXA5N2m2O+JQIr6f3ct42GOs9c0h8QF3L5SzIxcYAAXXw==}
    engines: {node: '>= 10'}
    cpu: [arm64]
    os: [win32]

  '@next/swc-win32-x64-msvc@16.1.6':
    resolution: {integrity: sha512-NRfO39AIrzBnixKbjuo2YiYhB6o9d8v/ymU9m/Xk8cyVk+k7XylniXkHwjs4s70wedVffc6bQNbufk5v0xEm0A==}
    engines: {node: '>= 10'}
    cpu: [x64]
    os: [win32]

  '@swc/helpers@0.5.15':
    resolution: {integrity: sha512-JQ5TuMi45Owi4/BIMAJBoSQoOJu12oOk/gADqlcUL9JEdHB8vyjUSsxqeNXnmXHjYKMi2WcYtezGEEhqUI/E2g==}

  '@types/node@22.19.9':
    resolution: {integrity: sha512-PD03/U8g1F9T9MI+1OBisaIARhSzeidsUjQaf51fOxrfjeiKN9bLVO06lHuHYjxdnqLWJijJHfqXPSJri2EM2A==}

  '@types/react@19.2.13':
    resolution: {integrity: sha512-KkiJeU6VbYbUOp5ITMIc7kBfqlYkKA5KhEHVrGMmUUMt7NeaZg65ojdPk+FtNrBAOXNVM5QM72jnADjM+XVRAQ==}

  baseline-browser-mapping@2.9.19:
    resolution: {integrity: sha512-ipDqC8FrAl/76p2SSWKSI+H9tFwm7vYqXQrItCuiVPt26Km0jS+NzSsBWAaBusvSbQcfJG+JitdMm+wZAgTYqg==}
    hasBin: true

  camelcase-css@2.0.1:
    resolution: {integrity: sha512-QOSvevhslijgYwRx6Rv7zKdMF8lbRmx+uQGx2+vDc+KI/eBnsy9kit5aj23AgGu3pa4t9AgwbnXWqS+iOY+2aA==}
    engines: {node: '>= 6'}

  caniuse-lite@1.0.30001769:
    resolution: {integrity: sha512-BCfFL1sHijQlBGWBMuJyhZUhzo7wer5sVj9hqekB/7xn0Ypy+pER/edCYQm4exbXj4WiySGp40P8UuTh6w1srg==}

  client-only@0.0.1:
    resolution: {integrity: sha512-IV3Ou0jSMzZrd3pZ48nLkT9DA7Ag1pnPzaiQhpW7c3RbcqqzvzzVu+L8gfqMp/8IM2MQtSiqaCxrrcfu8I8rMA==}

  clsx@2.1.1:
    resolution: {integrity: sha512-eYm0QWBtUrBWZWG0d386OGAw16Z995PiOVo2B7bjWSbHedGl5e0ZWaq65kOGgUSNesEIDkB9ISbTg/JK9dhCZA==}
    engines: {node: '>=6'}

  cssesc@3.0.0:
    resolution: {integrity: sha512-/Tb/JcjK111nNScGob5MNtsntNM1aCNUDipB/TkwZFhyDrrE47SOx/18wF2bbjgc3ZzCSKW1T5nt5EbFoAz/Vg==}
    engines: {node: '>=4'}
    hasBin: true

  csstype@3.2.3:
    resolution: {integrity: sha512-z1HGKcYy2xA8AGQfwrn0PAy+PB7X/GSj3UVJW9qKyn43xWa+gl5nXmU4qqLMRzWVLFC8KusUX8T/0kCiOYpAIQ==}

  detect-libc@2.1.2:
    resolution: {integrity: sha512-Btj2BOOO83o3WyH59e8MgXsxEQVcarkUOpEYrubB0urwnN10yQ364rsiByU11nZlqWYZm05i/of7io4mzihBtQ==}
    engines: {node: '>=8'}

  detect-node-es@1.1.0:
    resolution: {integrity: sha512-ypdmJU/TbBby2Dxibuv7ZLW3Bs1QEmM7nHjEANfohJLvE0XVujisn1qPJcZxg+qDucsr+bP6fLD1rPS3AhJ7EQ==}

  fdir@6.5.0:
    resolution: {integrity: sha512-tIbYtZbucOs0BRGqPJkshJUYdL+SDH7dVM8gjy+ERp3WAUjLEFJE+02kanyHtwjWOnwrKYBiwAmM0p4kLJAnXg==}
    engines: {node: '>=12.0.0'}
    peerDependencies:
      picomatch: ^3 || ^4
    peerDependenciesMeta:
      picomatch:
        optional: true

  get-nonce@1.0.1:
    resolution: {integrity: sha512-FJhYRoDaiatfEkUK8HKlicmu/3SGFD51q3itKDGoSTysQJBnfOcxU5GxnhE1E6soB76MbT0MBtnKJuXyAx+96Q==}
    engines: {node: '>=6'}

  lucide-react@0.563.0:
    resolution: {integrity: sha512-8dXPB2GI4dI8jV4MgUDGBeLdGk8ekfqVZ0BdLcrRzocGgG75ltNEmWS+gE7uokKF/0oSUuczNDT+g9hFJ23FkA==}
    peerDependencies:
      react: ^16.5.1 || ^17.0.0 || ^18.0.0 || ^19.0.0

  nanoid@3.3.11:
    resolution: {integrity: sha512-N8SpfPUnUp1bK+PMYW8qSWdl9U+wwNWI4QKxOYDy9JAro3WMX7p2OeVRF9v+347pnakNevPmiHhNmZ2HbFA76w==}
    engines: {node: ^10 || ^12 || ^13.7 || ^14 || >=15.0.1}
    hasBin: true

  next@16.1.6:
    resolution: {integrity: sha512-hkyRkcu5x/41KoqnROkfTm2pZVbKxvbZRuNvKXLRXxs3VfyO0WhY50TQS40EuKO9SW3rBj/sF3WbVwDACeMZyw==}
    engines: {node: '>=20.9.0'}
    hasBin: true
    peerDependencies:
      '@opentelemetry/api': ^1.1.0
      '@playwright/test': ^1.51.1
      babel-plugin-react-compiler: '*'
      react: ^18.2.0 || 19.0.0-rc-de68d2f4-20241204 || ^19.0.0
      react-dom: ^18.2.0 || 19.0.0-rc-de68d2f4-20241204 || ^19.0.0
      sass: ^1.3.0
    peerDependenciesMeta:
      '@opentelemetry/api':
        optional: true
      '@playwright/test':
        optional: true
      babel-plugin-react-compiler:
        optional: true
      sass:
        optional: true

  node-readable-to-web-readable-stream@0.4.2:
    resolution: {integrity: sha512-/cMZNI34v//jUTrI+UIo4ieHAB5EZRY/+7OmXZgBxaWBMcW2tGdceIw06RFxWxrKZ5Jp3sI2i5TsRo+CBhtVLQ==}

  pdfjs-dist@5.4.624:
    resolution: {integrity: sha512-sm6TxKTtWv1Oh6n3C6J6a8odejb5uO4A4zo/2dgkHuC0iu8ZMAXOezEODkVaoVp8nX1Xzr+0WxFJJmUr45hQzg==}
    engines: {node: '>=20.16.0 || >=22.3.0'}

  picocolors@1.1.1:
    resolution: {integrity: sha512-xceH2snhtb5M9liqDsmEw56le376mTZkEX/jEb/RxNFyegNul7eNslCXP9FDj/Lcu0X8KEyMceP2ntpaHrDEVA==}

  picomatch@4.0.3:
    resolution: {integrity: sha512-5gTmgEY/sqK6gFXLIsQNH19lWb4ebPDLA4SdLP7dsWkIXHWlG66oPuVvXSGFPppYZz8ZDZq0dYYrbHfBCVUb1Q==}
    engines: {node: '>=12'}

  postcss-js@4.1.0:
    resolution: {integrity: sha512-oIAOTqgIo7q2EOwbhb8UalYePMvYoIeRY2YKntdpFQXNosSu3vLrniGgmH9OKs/qAkfoj5oB3le/7mINW1LCfw==}
    engines: {node: ^12 || ^14 || >= 16}
    peerDependencies:
      postcss: ^8.4.21

  postcss-mixins@12.1.2:
    resolution: {integrity: sha512-90pSxmZVfbX9e5xCv7tI5RV1mnjdf16y89CJKbf/hD7GyOz1FCxcYMl8ZYA8Hc56dbApTKKmU9HfvgfWdCxlwg==}
    engines: {node: ^20.0 || ^22.0 || >=24.0}
    peerDependencies:
      postcss: ^8.2.14

  postcss-nested@7.0.2:
    resolution: {integrity: sha512-5osppouFc0VR9/VYzYxO03VaDa3e8F23Kfd6/9qcZTUI8P58GIYlArOET2Wq0ywSl2o2PjELhYOFI4W7l5QHKw==}
    engines: {node: '>=18.0'}
    peerDependencies:
      postcss: ^8.2.14

  postcss-preset-mantine@1.18.0:
    resolution: {integrity: sha512-sP6/s1oC7cOtBdl4mw/IRKmKvYTuzpRrH/vT6v9enMU/EQEQ31eQnHcWtFghOXLH87AAthjL/Q75rLmin1oZoA==}
    peerDependencies:
      postcss: '>=8.0.0'

  postcss-selector-parser@7.1.1:
    resolution: {integrity: sha512-orRsuYpJVw8LdAwqqLykBj9ecS5/cRHlI5+nvTo8LcCKmzDmqVORXtOIYEEQuL9D4BxtA1lm5isAqzQZCoQ6Eg==}
    engines: {node: '>=4'}

  postcss-simple-vars@7.0.1:
    resolution: {integrity: sha512-5GLLXaS8qmzHMOjVxqkk1TZPf1jMqesiI7qLhnlyERalG0sMbHIbJqrcnrpmZdKCLglHnRHoEBB61RtGTsj++A==}
    engines: {node: '>=14.0'}
    peerDependencies:
      postcss: ^8.2.1

  postcss@8.4.31:
    resolution: {integrity: sha512-PS08Iboia9mts/2ygV3eLpY5ghnUcfLV/EXTOW1E2qYxJKGGBUtNjN76FYHnMs36RmARn41bC0AZmn+rR0OVpQ==}
    engines: {node: ^10 || ^12 || >=14}

  postcss@8.5.6:
    resolution: {integrity: sha512-3Ybi1tAuwAP9s0r1UQ2J4n5Y0G05bJkpUIO0/bI9MhwmD70S5aTWbXGBwxHrelT+XM1k6dM0pk+SwNkpTRN7Pg==}
    engines: {node: ^10 || ^12 || >=14}

  react-dom@19.2.4:
    resolution: {integrity: sha512-AXJdLo8kgMbimY95O2aKQqsz2iWi9jMgKJhRBAxECE4IFxfcazB2LmzloIoibJI3C12IlY20+KFaLv+71bUJeQ==}
    peerDependencies:
      react: ^19.2.4

  react-number-format@5.4.4:
    resolution: {integrity: sha512-wOmoNZoOpvMminhifQYiYSTCLUDOiUbBunrMrMjA+dV52sY+vck1S4UhR6PkgnoCquvvMSeJjErXZ4qSaWCliA==}
    peerDependencies:
      react: ^0.14 || ^15.0.0 || ^16.0.0 || ^17.0.0 || ^18.0.0 || ^19.0.0
      react-dom: ^0.14 || ^15.0.0 || ^16.0.0 || ^17.0.0 || ^18.0.0 || ^19.0.0

  react-remove-scroll-bar@2.3.8:
    resolution: {integrity: sha512-9r+yi9+mgU33AKcj6IbT9oRCO78WriSj6t/cF8DWBZJ9aOGPOTEDvdUDz1FwKim7QXWwmHqtdHnRJfhAxEG46Q==}
    engines: {node: '>=10'}
    peerDependencies:
      '@types/react': '*'
      react: ^16.8.0 || ^17.0.0 || ^18.0.0 || ^19.0.0
    peerDependenciesMeta:
      '@types/react':
        optional: true

  react-remove-scroll@2.7.2:
    resolution: {integrity: sha512-Iqb9NjCCTt6Hf+vOdNIZGdTiH1QSqr27H/Ek9sv/a97gfueI/5h1s3yRi1nngzMUaOOToin5dI1dXKdXiF+u0Q==}
    engines: {node: '>=10'}
    peerDependencies:
      '@types/react': '*'
      react: ^16.8.0 || ^17.0.0 || ^18.0.0 || ^19.0.0 || ^19.0.0-rc
    peerDependenciesMeta:
      '@types/react':
        optional: true

  react-style-singleton@2.2.3:
    resolution: {integrity: sha512-b6jSvxvVnyptAiLjbkWLE/lOnR4lfTtDAl+eUC7RZy+QQWc6wRzIV2CE6xBuMmDxc2qIihtDCZD5NPOFl7fRBQ==}
    engines: {node: '>=10'}
    peerDependencies:
      '@types/react': '*'
      react: ^16.8.0 || ^17.0.0 || ^18.0.0 || ^19.0.0 || ^19.0.0-rc
    peerDependenciesMeta:
      '@types/react':
        optional: true

  react-textarea-autosize@8.5.9:
    resolution: {integrity: sha512-U1DGlIQN5AwgjTyOEnI1oCcMuEr1pv1qOtklB2l4nyMGbHzWrI0eFsYK0zos2YWqAolJyG0IWJaqWmWj5ETh0A==}
    engines: {node: '>=10'}
    peerDependencies:
      react: ^16.8.0 || ^17.0.0 || ^18.0.0 || ^19.0.0

  react@19.2.4:
    resolution: {integrity: sha512-9nfp2hYpCwOjAN+8TZFGhtWEwgvWHXqESH8qT89AT/lWklpLON22Lc8pEtnpsZz7VmawabSU0gCjnj8aC0euHQ==}
    engines: {node: '>=0.10.0'}

  scheduler@0.27.0:
    resolution: {integrity: sha512-eNv+WrVbKu1f3vbYJT/xtiF5syA5HPIMtf9IgY/nKg0sWqzAUEvqY/xm7OcZc/qafLx/iO9FgOmeSAp4v5ti/Q==}

  semver@7.7.4:
    resolution: {integrity: sha512-vFKC2IEtQnVhpT78h1Yp8wzwrf8CM+MzKMHGJZfBtzhZNycRFnXsHk6E5TxIkkMsgNS7mdX3AGB7x2QM2di4lA==}
    engines: {node: '>=10'}
    hasBin: true

  sharp@0.34.5:
    resolution: {integrity: sha512-Ou9I5Ft9WNcCbXrU9cMgPBcCK8LiwLqcbywW3t4oDV37n1pzpuNLsYiAV8eODnjbtQlSDwZ2cUEeQz4E54Hltg==}
    engines: {node: ^18.17.0 || ^20.3.0 || >=21.0.0}

  source-map-js@1.2.1:
    resolution: {integrity: sha512-UXWMKhLOwVKb728IUtQPXxfYU+usdybtUrK/8uGE8CQMvrhOpwvzDBwj0QhSL7MQc7vIsISBG8VQ8+IDQxpfQA==}
    engines: {node: '>=0.10.0'}

  styled-jsx@5.1.6:
    resolution: {integrity: sha512-qSVyDTeMotdvQYoHWLNGwRFJHC+i+ZvdBRYosOFgC+Wg1vx4frN2/RG/NA7SYqqvKNLf39P2LSRA2pu6n0XYZA==}
    engines: {node: '>= 12.0.0'}
    peerDependencies:
      '@babel/core': '*'
      babel-plugin-macros: '*'
      react: '>= 16.8.0 || 17.x.x || ^18.0.0-0 || ^19.0.0-0'
    peerDependenciesMeta:
      '@babel/core':
        optional: true
      babel-plugin-macros:
        optional: true

  sugarss@5.0.1:
    resolution: {integrity: sha512-ctS5RYCBVvPoZAnzIaX5QSShK8ZiZxD5HUqSxlusvEMC+QZQIPCPOIJg6aceFX+K2rf4+SH89eu++h1Zmsr2nw==}
    engines: {node: '>=18.0'}
    peerDependencies:
      postcss: ^8.3.3

  tabbable@6.4.0:
    resolution: {integrity: sha512-05PUHKSNE8ou2dwIxTngl4EzcnsCDZGJ/iCLtDflR/SHB/ny14rXc+qU5P4mG9JkusiV7EivzY9Mhm55AzAvCg==}

  tinyglobby@0.2.15:
    resolution: {integrity: sha512-j2Zq4NyQYG5XMST4cbs02Ak8iJUdxRM0XI5QyxXuZOzKOINmWurp3smXu3y5wDcJrptwpSjgXHzIQxR0omXljQ==}
    engines: {node: '>=12.0.0'}

  tslib@2.8.1:
    resolution: {integrity: sha512-oJFu94HQb+KVduSUQL7wnpmqnfmLsOA/nAh6b6EH0wCEoK0/mPeXU6c3wKDV83MkOuHPRHtSXKKU99IBazS/2w==}

  type-fest@4.41.0:
    resolution: {integrity: sha512-TeTSQ6H5YHvpqVwBRcnLDCBnDOHWYu7IvGbHT6N8AOymcr9PJGjc1GTtiWZTYg0NCgYwvnYWEkVChQAr9bjfwA==}
    engines: {node: '>=16'}

  typescript@5.8.3:
    resolution: {integrity: sha512-p1diW6TqL9L07nNxvRMM7hMMw4c5XOo/1ibL4aAIGmSAt9slTE1Xgw5KWuof2uTOvCg9BY7ZRi+GaF+7sfgPeQ==}
    engines: {node: '>=14.17'}
    hasBin: true

  undici-types@6.21.0:
    resolution: {integrity: sha512-iwDZqg0QAGrg9Rav5H4n0M64c3mkR59cJ6wQp+7C4nI0gsmExaedaYLNO44eT4AtBBwjbTiGPMlt2Md0T9H9JQ==}

  use-callback-ref@1.3.3:
    resolution: {integrity: sha512-jQL3lRnocaFtu3V00JToYz/4QkNWswxijDaCVNZRiRTO3HQDLsdu1ZtmIUvV4yPp+rvWm5j0y0TG/S61cuijTg==}
    engines: {node: '>=10'}
    peerDependencies:
      '@types/react': '*'
      react: ^16.8.0 || ^17.0.0 || ^18.0.0 || ^19.0.0 || ^19.0.0-rc
    peerDependenciesMeta:
      '@types/react':
        optional: true

  use-composed-ref@1.4.0:
    resolution: {integrity: sha512-djviaxuOOh7wkj0paeO1Q/4wMZ8Zrnag5H6yBvzN7AKKe8beOaED9SF5/ByLqsku8NP4zQqsvM2u3ew/tJK8/w==}
    peerDependencies:
      '@types/react': '*'
      react: ^16.8.0 || ^17.0.0 || ^18.0.0 || ^19.0.0
    peerDependenciesMeta:
      '@types/react':
        optional: true

  use-isomorphic-layout-effect@1.2.1:
    resolution: {integrity: sha512-tpZZ+EX0gaghDAiFR37hj5MgY6ZN55kLiPkJsKxBMZ6GZdOSPJXiOzPM984oPYZ5AnehYx5WQp1+ME8I/P/pRA==}
    peerDependencies:
      '@types/react': '*'
      react: ^16.8.0 || ^17.0.0 || ^18.0.0 || ^19.0.0
    peerDependenciesMeta:
      '@types/react':
        optional: true

  use-latest@1.3.0:
    resolution: {integrity: sha512-mhg3xdm9NaM8q+gLT8KryJPnRFOz1/5XPBhmDEVZK1webPzDjrPk7f/mbpeLqTgB9msytYWANxgALOCJKnLvcQ==}
    peerDependencies:
      '@types/react': '*'
      react: ^16.8.0 || ^17.0.0 || ^18.0.0 || ^19.0.0
    peerDependenciesMeta:
      '@types/react':
        optional: true

  use-sidecar@1.1.3:
    resolution: {integrity: sha512-Fedw0aZvkhynoPYlA5WXrMCAMm+nSWdZt6lzJQ7Ok8S6Q+VsHmHpRWndVRJ8Be0ZbkfPc5LRYH+5XrzXcEeLRQ==}
    engines: {node: '>=10'}
    peerDependencies:
      '@types/react': '*'
      react: ^16.8.0 || ^17.0.0 || ^18.0.0 || ^19.0.0 || ^19.0.0-rc
    peerDependenciesMeta:
      '@types/react':
        optional: true

  util-deprecate@1.0.2:
    resolution: {integrity: sha512-EPD5q1uXyFxJpCrLnCc1nHnq3gOa6DZBocAIiI2TaSCA7VCJ1UJDMagCzIkXNsUYfD1daK//LTEQ8xiIbrHtcw==}

snapshots:

  '@babel/runtime@7.28.6': {}

  '@emnapi/runtime@1.8.1':
    dependencies:
      tslib: 2.8.1
    optional: true

  '@floating-ui/core@1.7.4':
    dependencies:
      '@floating-ui/utils': 0.2.10

  '@floating-ui/dom@1.7.5':
    dependencies:
      '@floating-ui/core': 1.7.4
      '@floating-ui/utils': 0.2.10

  '@floating-ui/react-dom@2.1.7(react-dom@19.2.4(react@19.2.4))(react@19.2.4)':
    dependencies:
      '@floating-ui/dom': 1.7.5
      react: 19.2.4
      react-dom: 19.2.4(react@19.2.4)

  '@floating-ui/react@0.27.17(react-dom@19.2.4(react@19.2.4))(react@19.2.4)':
    dependencies:
      '@floating-ui/react-dom': 2.1.7(react-dom@19.2.4(react@19.2.4))(react@19.2.4)
      '@floating-ui/utils': 0.2.10
      react: 19.2.4
      react-dom: 19.2.4(react@19.2.4)
      tabbable: 6.4.0

  '@floating-ui/utils@0.2.10': {}

  '@img/colour@1.0.0':
    optional: true

  '@img/sharp-darwin-arm64@0.34.5':
    optionalDependencies:
      '@img/sharp-libvips-darwin-arm64': 1.2.4
    optional: true

  '@img/sharp-darwin-x64@0.34.5':
    optionalDependencies:
      '@img/sharp-libvips-darwin-x64': 1.2.4
    optional: true

  '@img/sharp-libvips-darwin-arm64@1.2.4':
    optional: true

  '@img/sharp-libvips-darwin-x64@1.2.4':
    optional: true

  '@img/sharp-libvips-linux-arm64@1.2.4':
    optional: true

  '@img/sharp-libvips-linux-arm@1.2.4':
    optional: true

  '@img/sharp-libvips-linux-ppc64@1.2.4':
    optional: true

  '@img/sharp-libvips-linux-riscv64@1.2.4':
    optional: true

  '@img/sharp-libvips-linux-s390x@1.2.4':
    optional: true

  '@img/sharp-libvips-linux-x64@1.2.4':
    optional: true

  '@img/sharp-libvips-linuxmusl-arm64@1.2.4':
    optional: true

  '@img/sharp-libvips-linuxmusl-x64@1.2.4':
    optional: true

  '@img/sharp-linux-arm64@0.34.5':
    optionalDependencies:
      '@img/sharp-libvips-linux-arm64': 1.2.4
    optional: true

  '@img/sharp-linux-arm@0.34.5':
    optionalDependencies:
      '@img/sharp-libvips-linux-arm': 1.2.4
    optional: true

  '@img/sharp-linux-ppc64@0.34.5':
    optionalDependencies:
      '@img/sharp-libvips-linux-ppc64': 1.2.4
    optional: true

  '@img/sharp-linux-riscv64@0.34.5':
    optionalDependencies:
      '@img/sharp-libvips-linux-riscv64': 1.2.4
    optional: true

  '@img/sharp-linux-s390x@0.34.5':
    optionalDependencies:
      '@img/sharp-libvips-linux-s390x': 1.2.4
    optional: true

  '@img/sharp-linux-x64@0.34.5':
    optionalDependencies:
      '@img/sharp-libvips-linux-x64': 1.2.4
    optional: true

  '@img/sharp-linuxmusl-arm64@0.34.5':
    optionalDependencies:
      '@img/sharp-libvips-linuxmusl-arm64': 1.2.4
    optional: true

  '@img/sharp-linuxmusl-x64@0.34.5':
    optionalDependencies:
      '@img/sharp-libvips-linuxmusl-x64': 1.2.4
    optional: true

  '@img/sharp-wasm32@0.34.5':
    dependencies:
      '@emnapi/runtime': 1.8.1
    optional: true

  '@img/sharp-win32-arm64@0.34.5':
    optional: true

  '@img/sharp-win32-ia32@0.34.5':
    optional: true

  '@img/sharp-win32-x64@0.34.5':
    optional: true

  '@mantine/core@8.3.14(@mantine/hooks@8.3.14(react@19.2.4))(@types/react@19.2.13)(react-dom@19.2.4(react@19.2.4))(react@19.2.4)':
    dependencies:
      '@floating-ui/react': 0.27.17(react-dom@19.2.4(react@19.2.4))(react@19.2.4)
      '@mantine/hooks': 8.3.14(react@19.2.4)
      clsx: 2.1.1
      react: 19.2.4
      react-dom: 19.2.4(react@19.2.4)
      react-number-format: 5.4.4(react-dom@19.2.4(react@19.2.4))(react@19.2.4)
      react-remove-scroll: 2.7.2(@types/react@19.2.13)(react@19.2.4)
      react-textarea-autosize: 8.5.9(@types/react@19.2.13)(react@19.2.4)
      type-fest: 4.41.0
    transitivePeerDependencies:
      - '@types/react'

  '@mantine/hooks@8.3.14(react@19.2.4)':
    dependencies:
      react: 19.2.4

  '@napi-rs/canvas-android-arm64@0.1.90':
    optional: true

  '@napi-rs/canvas-darwin-arm64@0.1.90':
    optional: true

  '@napi-rs/canvas-darwin-x64@0.1.90':
    optional: true

  '@napi-rs/canvas-linux-arm-gnueabihf@0.1.90':
    optional: true

  '@napi-rs/canvas-linux-arm64-gnu@0.1.90':
    optional: true

  '@napi-rs/canvas-linux-arm64-musl@0.1.90':
    optional: true

  '@napi-rs/canvas-linux-riscv64-gnu@0.1.90':
    optional: true

  '@napi-rs/canvas-linux-x64-gnu@0.1.90':
    optional: true

  '@napi-rs/canvas-linux-x64-musl@0.1.90':
    optional: true

  '@napi-rs/canvas-win32-arm64-msvc@0.1.90':
    optional: true

  '@napi-rs/canvas-win32-x64-msvc@0.1.90':
    optional: true

  '@napi-rs/canvas@0.1.90':
    optionalDependencies:
      '@napi-rs/canvas-android-arm64': 0.1.90
      '@napi-rs/canvas-darwin-arm64': 0.1.90
      '@napi-rs/canvas-darwin-x64': 0.1.90
      '@napi-rs/canvas-linux-arm-gnueabihf': 0.1.90
      '@napi-rs/canvas-linux-arm64-gnu': 0.1.90
      '@napi-rs/canvas-linux-arm64-musl': 0.1.90
      '@napi-rs/canvas-linux-riscv64-gnu': 0.1.90
      '@napi-rs/canvas-linux-x64-gnu': 0.1.90
      '@napi-rs/canvas-linux-x64-musl': 0.1.90
      '@napi-rs/canvas-win32-arm64-msvc': 0.1.90
      '@napi-rs/canvas-win32-x64-msvc': 0.1.90
    optional: true

  '@next/env@16.1.6': {}

  '@next/swc-darwin-arm64@16.1.6':
    optional: true

  '@next/swc-darwin-x64@16.1.6':
    optional: true

  '@next/swc-linux-arm64-gnu@16.1.6':
    optional: true

  '@next/swc-linux-arm64-musl@16.1.6':
    optional: true

  '@next/swc-linux-x64-gnu@16.1.6':
    optional: true

  '@next/swc-linux-x64-musl@16.1.6':
    optional: true

  '@next/swc-win32-arm64-msvc@16.1.6':
    optional: true

  '@next/swc-win32-x64-msvc@16.1.6':
    optional: true

  '@swc/helpers@0.5.15':
    dependencies:
      tslib: 2.8.1

  '@types/node@22.19.9':
    dependencies:
      undici-types: 6.21.0

  '@types/react@19.2.13':
    dependencies:
      csstype: 3.2.3

  baseline-browser-mapping@2.9.19: {}

  camelcase-css@2.0.1: {}

  caniuse-lite@1.0.30001769: {}

  client-only@0.0.1: {}

  clsx@2.1.1: {}

  cssesc@3.0.0: {}

  csstype@3.2.3: {}

  detect-libc@2.1.2:
    optional: true

  detect-node-es@1.1.0: {}

  fdir@6.5.0(picomatch@4.0.3):
    optionalDependencies:
      picomatch: 4.0.3

  get-nonce@1.0.1: {}

  lucide-react@0.563.0(react@19.2.4):
    dependencies:
      react: 19.2.4

  nanoid@3.3.11: {}

  next@16.1.6(react-dom@19.2.4(react@19.2.4))(react@19.2.4):
    dependencies:
      '@next/env': 16.1.6
      '@swc/helpers': 0.5.15
      baseline-browser-mapping: 2.9.19
      caniuse-lite: 1.0.30001769
      postcss: 8.4.31
      react: 19.2.4
      react-dom: 19.2.4(react@19.2.4)
      styled-jsx: 5.1.6(react@19.2.4)
    optionalDependencies:
      '@next/swc-darwin-arm64': 16.1.6
      '@next/swc-darwin-x64': 16.1.6
      '@next/swc-linux-arm64-gnu': 16.1.6
      '@next/swc-linux-arm64-musl': 16.1.6
      '@next/swc-linux-x64-gnu': 16.1.6
      '@next/swc-linux-x64-musl': 16.1.6
      '@next/swc-win32-arm64-msvc': 16.1.6
      '@next/swc-win32-x64-msvc': 16.1.6
      sharp: 0.34.5
    transitivePeerDependencies:
      - '@babel/core'
      - babel-plugin-macros

  node-readable-to-web-readable-stream@0.4.2:
    optional: true

  pdfjs-dist@5.4.624:
    optionalDependencies:
      '@napi-rs/canvas': 0.1.90
      node-readable-to-web-readable-stream: 0.4.2

  picocolors@1.1.1: {}

  picomatch@4.0.3: {}

  postcss-js@4.1.0(postcss@8.5.6):
    dependencies:
      camelcase-css: 2.0.1
      postcss: 8.5.6

  postcss-mixins@12.1.2(postcss@8.5.6):
    dependencies:
      postcss: 8.5.6
      postcss-js: 4.1.0(postcss@8.5.6)
      postcss-simple-vars: 7.0.1(postcss@8.5.6)
      sugarss: 5.0.1(postcss@8.5.6)
      tinyglobby: 0.2.15

  postcss-nested@7.0.2(postcss@8.5.6):
    dependencies:
      postcss: 8.5.6
      postcss-selector-parser: 7.1.1

  postcss-preset-mantine@1.18.0(postcss@8.5.6):
    dependencies:
      postcss: 8.5.6
      postcss-mixins: 12.1.2(postcss@8.5.6)
      postcss-nested: 7.0.2(postcss@8.5.6)

  postcss-selector-parser@7.1.1:
    dependencies:
      cssesc: 3.0.0
      util-deprecate: 1.0.2

  postcss-simple-vars@7.0.1(postcss@8.5.6):
    dependencies:
      postcss: 8.5.6

  postcss@8.4.31:
    dependencies:
      nanoid: 3.3.11
      picocolors: 1.1.1
      source-map-js: 1.2.1

  postcss@8.5.6:
    dependencies:
      nanoid: 3.3.11
      picocolors: 1.1.1
      source-map-js: 1.2.1

  react-dom@19.2.4(react@19.2.4):
    dependencies:
      react: 19.2.4
      scheduler: 0.27.0

  react-number-format@5.4.4(react-dom@19.2.4(react@19.2.4))(react@19.2.4):
    dependencies:
      react: 19.2.4
      react-dom: 19.2.4(react@19.2.4)

  react-remove-scroll-bar@2.3.8(@types/react@19.2.13)(react@19.2.4):
    dependencies:
      react: 19.2.4
      react-style-singleton: 2.2.3(@types/react@19.2.13)(react@19.2.4)
      tslib: 2.8.1
    optionalDependencies:
      '@types/react': 19.2.13

  react-remove-scroll@2.7.2(@types/react@19.2.13)(react@19.2.4):
    dependencies:
      react: 19.2.4
      react-remove-scroll-bar: 2.3.8(@types/react@19.2.13)(react@19.2.4)
      react-style-singleton: 2.2.3(@types/react@19.2.13)(react@19.2.4)
      tslib: 2.8.1
      use-callback-ref: 1.3.3(@types/react@19.2.13)(react@19.2.4)
      use-sidecar: 1.1.3(@types/react@19.2.13)(react@19.2.4)
    optionalDependencies:
      '@types/react': 19.2.13

  react-style-singleton@2.2.3(@types/react@19.2.13)(react@19.2.4):
    dependencies:
      get-nonce: 1.0.1
      react: 19.2.4
      tslib: 2.8.1
    optionalDependencies:
      '@types/react': 19.2.13

  react-textarea-autosize@8.5.9(@types/react@19.2.13)(react@19.2.4):
    dependencies:
      '@babel/runtime': 7.28.6
      react: 19.2.4
      use-composed-ref: 1.4.0(@types/react@19.2.13)(react@19.2.4)
      use-latest: 1.3.0(@types/react@19.2.13)(react@19.2.4)
    transitivePeerDependencies:
      - '@types/react'

  react@19.2.4: {}

  scheduler@0.27.0: {}

  semver@7.7.4:
    optional: true

  sharp@0.34.5:
    dependencies:
      '@img/colour': 1.0.0
      detect-libc: 2.1.2
      semver: 7.7.4
    optionalDependencies:
      '@img/sharp-darwin-arm64': 0.34.5
      '@img/sharp-darwin-x64': 0.34.5
      '@img/sharp-libvips-darwin-arm64': 1.2.4
      '@img/sharp-libvips-darwin-x64': 1.2.4
      '@img/sharp-libvips-linux-arm': 1.2.4
      '@img/sharp-libvips-linux-arm64': 1.2.4
      '@img/sharp-libvips-linux-ppc64': 1.2.4
      '@img/sharp-libvips-linux-riscv64': 1.2.4
      '@img/sharp-libvips-linux-s390x': 1.2.4
      '@img/sharp-libvips-linux-x64': 1.2.4
      '@img/sharp-libvips-linuxmusl-arm64': 1.2.4
      '@img/sharp-libvips-linuxmusl-x64': 1.2.4
      '@img/sharp-linux-arm': 0.34.5
      '@img/sharp-linux-arm64': 0.34.5
      '@img/sharp-linux-ppc64': 0.34.5
      '@img/sharp-linux-riscv64': 0.34.5
      '@img/sharp-linux-s390x': 0.34.5
      '@img/sharp-linux-x64': 0.34.5
      '@img/sharp-linuxmusl-arm64': 0.34.5
      '@img/sharp-linuxmusl-x64': 0.34.5
      '@img/sharp-wasm32': 0.34.5
      '@img/sharp-win32-arm64': 0.34.5
      '@img/sharp-win32-ia32': 0.34.5
      '@img/sharp-win32-x64': 0.34.5
    optional: true

  source-map-js@1.2.1: {}

  styled-jsx@5.1.6(react@19.2.4):
    dependencies:
      client-only: 0.0.1
      react: 19.2.4

  sugarss@5.0.1(postcss@8.5.6):
    dependencies:
      postcss: 8.5.6

  tabbable@6.4.0: {}

  tinyglobby@0.2.15:
    dependencies:
      fdir: 6.5.0(picomatch@4.0.3)
      picomatch: 4.0.3

  tslib@2.8.1: {}

  type-fest@4.41.0: {}

  typescript@5.8.3: {}

  undici-types@6.21.0: {}

  use-callback-ref@1.3.3(@types/react@19.2.13)(react@19.2.4):
    dependencies:
      react: 19.2.4
      tslib: 2.8.1
    optionalDependencies:
      '@types/react': 19.2.13

  use-composed-ref@1.4.0(@types/react@19.2.13)(react@19.2.4):
    dependencies:
      react: 19.2.4
    optionalDependencies:
      '@types/react': 19.2.13

  use-isomorphic-layout-effect@1.2.1(@types/react@19.2.13)(react@19.2.4):
    dependencies:
      react: 19.2.4
    optionalDependencies:
      '@types/react': 19.2.13

  use-latest@1.3.0(@types/react@19.2.13)(react@19.2.4):
    dependencies:
      react: 19.2.4
      use-isomorphic-layout-effect: 1.2.1(@types/react@19.2.13)(react@19.2.4)
    optionalDependencies:
      '@types/react': 19.2.13

  use-sidecar@1.1.3(@types/react@19.2.13)(react@19.2.4):
    dependencies:
      detect-node-es: 1.1.0
      react: 19.2.4
      tslib: 2.8.1
    optionalDependencies:
      '@types/react': 19.2.13

  util-deprecate@1.0.2: {}
